{
  "lockfileVersion": 1,
  "configVersion": 1,
  "workspaces": {
    "": {
      "name": "web-comic-library",
      "devDependencies": {
        "@types/bun": "1.3.14",
        "oxfmt": "0.60.0",
        "oxlint": "1.75.0",
        "typescript": "6.0.3",
      },
    },
    "apps/api": {
      "name": "@web-comic-library/api",
      "version": "0.0.0",
      "dependencies": {
        "@hono/valibot-validator": "0.6.1",
        "@web-comic-library/application": "workspace:*",
        "@web-comic-library/auth": "workspace:*",
        "@web-comic-library/contracts": "workspace:*",
        "@web-comic-library/db": "workspace:*",
        "@web-comic-library/notifications": "workspace:*",
        "hono": "4.12.31",
        "valibot": "1.4.2",
      },
    },
    "apps/web": {
      "name": "@web-comic-library/web",
      "version": "0.0.0",
      "dependencies": {
        "@web-comic-library/api-client": "workspace:*",
        "next": "16.2.11",
        "react": "19.2.8",
        "react-dom": "19.2.8",
      },
      "devDependencies": {
        "@types/node": "26.1.1",
        "@types/react": "19.2.17",
        "@types/react-dom": "19.2.3",
        "typescript": "6.0.3",
      },
    },
    "apps/worker": {
      "name": "@web-comic-library/worker",
      "version": "0.0.0",
      "dependencies": {
        "@web-comic-library/application": "workspace:*",
        "@web-comic-library/connectors": "workspace:*",
        "@web-comic-library/db": "workspace:*",
        "@web-comic-library/notifications": "workspace:*",
      },
    },
    "packages/api-client": {
      "name": "@web-comic-library/api-client",
      "version": "0.0.0",
      "dependencies": {
        "hono": "4.12.31",
      },
      "devDependencies": {
        "@web-comic-library/api": "workspace:*",
      },
    },
    "packages/application": {
      "name": "@web-comic-library/application",
      "version": "0.0.0",
      "dependencies": {
        "@web-comic-library/domain": "workspace:*",
      },
    },
    "packages/auth": {
      "name": "@web-comic-library/auth",
      "version": "0.0.0",
      "dependencies": {
        "@web-comic-library/application": "workspace:*",
        "@web-comic-library/domain": "workspace:*",
      },
    },
    "packages/connectors": {
      "name": "@web-comic-library/connectors",
      "version": "0.0.0",
      "dependencies": {
        "@web-comic-library/application": "workspace:*",
        "@web-comic-library/domain": "workspace:*",
        "valibot": "1.4.2",
      },
    },
    "packages/contracts": {
      "name": "@web-comic-library/contracts",
      "version": "0.0.0",
      "dependencies": {
        "valibot": "1.4.2",
      },
    },
    "packages/db": {
      "name": "@web-comic-library/db",
      "version": "0.0.0",
      "dependencies": {
        "@web-comic-library/application": "workspace:*",
        "@web-comic-library/domain": "workspace:*",
      },
    },
    "packages/domain": {
      "name": "@web-comic-library/domain",
      "version": "0.0.0",
    },
    "packages/notifications": {
      "name": "@web-comic-library/notifications",
      "version": "0.0.0",
      "dependencies": {
        "@web-comic-library/application": "workspace:*",
        "@web-comic-library/domain": "workspace:*",
      },
    },
  },
  "packages": {
    "@emnapi/runtime": ["@emnapi/runtime@1.11.2", "https://npm.flatt.tech/@emnapi/runtime/-/runtime-1.11.2.tgz", { "dependencies": { "tslib": "^2.4.0" } }, "sha512-kyOl3X0DuTiT1h2ft8r2fYO8JYtU9a9Xis/zBSiGArNaagCOWx90N1k2wxp18czFDH+OgcWGb5ZP/XMt3dcyPA=="],

    "@hono/valibot-validator": ["@hono/valibot-validator@0.6.1", "https://npm.flatt.tech/@hono/valibot-validator/-/valibot-validator-0.6.1.tgz", { "peerDependencies": { "hono": ">=3.9.0", "valibot": "^1.0.0 || ^1.0.0-beta.4 || ^1.0.0-rc" } }, "sha512-rqKhQJI8IVR8gRRNHHf2wGtIT7sKEqV1KoGL5f2SocNytl+tBNn4EtRu4zfk/D6axgWSswnaxeiuJhM5yNFrCg=="],

    "@img/colour": ["@img/colour@1.1.0", "https://npm.flatt.tech/@img/colour/-/colour-1.1.0.tgz", {}, "sha512-Td76q7j57o/tLVdgS746cYARfSyxk8iEfRxewL9h4OMzYhbW4TAcppl0mT4eyqXddh6L/jwoM75mo7ixa/pCeQ=="],

    "@img/sharp-darwin-arm64": ["@img/sharp-darwin-arm64@0.34.5", "https://npm.flatt.tech/@img/sharp-darwin-arm64/-/sharp-darwin-arm64-0.34.5.tgz", { "optionalDependencies": { "@img/sharp-libvips-darwin-arm64": "1.2.4" }, "os": "darwin", "cpu": "arm64" }, "sha512-imtQ3WMJXbMY4fxb/Ndp6HBTNVtWCUI0WdobyheGf5+ad6xX8VIDO8u2xE4qc/fr08CKG/7dDseFtn6M6g/r3w=="],

    "@img/sharp-darwin-x64": ["@img/sharp-darwin-x64@0.34.5", "https://npm.flatt.tech/@img/sharp-darwin-x64/-/sharp-darwin-x64-0.34.5.tgz", { "optionalDependencies": { "@img/sharp-libvips-darwin-x64": "1.2.4" }, "os": "darwin", "cpu": "x64" }, "sha512-YNEFAF/4KQ/PeW0N+r+aVVsoIY0/qxxikF2SWdp+NRkmMB7y9LBZAVqQ4yhGCm/H3H270OSykqmQMKLBhBJDEw=="],

    "@img/sharp-libvips-darwin-arm64": ["@img/sharp-libvips-darwin-arm64@1.2.4", "https://npm.flatt.tech/@img/sharp-libvips-darwin-arm64/-/sharp-libvips-darwin-arm64-1.2.4.tgz", { "os": "darwin", "cpu": "arm64" }, "sha512-zqjjo7RatFfFoP0MkQ51jfuFZBnVE2pRiaydKJ1G/rHZvnsrHAOcQALIi9sA5co5xenQdTugCvtb1cuf78Vf4g=="],

    "@img/sharp-libvips-darwin-x64": ["@img/sharp-libvips-darwin-x64@1.2.4", "https://npm.flatt.tech/@img/sharp-libvips-darwin-x64/-/sharp-libvips-darwin-x64-1.2.4.tgz", { "os": "darwin", "cpu": "x64" }, "sha512-1IOd5xfVhlGwX+zXv2N93k0yMONvUlANylbJw1eTah8K/Jtpi15KC+WSiaX/nBmbm2HxRM1gZ0nSdjSsrZbGKg=="],

    "@img/sharp-libvips-linux-arm": ["@img/sharp-libvips-linux-arm@1.2.4", "https://npm.flatt.tech/@img/sharp-libvips-linux-arm/-/sharp-libvips-linux-arm-1.2.4.tgz", { "os": "linux", "cpu": "arm" }, "sha512-bFI7xcKFELdiNCVov8e44Ia4u2byA+l3XtsAj+Q8tfCwO6BQ8iDojYdvoPMqsKDkuoOo+X6HZA0s0q11ANMQ8A=="],

    "@img/sharp-libvips-linux-arm64": ["@img/sharp-libvips-linux-arm64@1.2.4", "https://npm.flatt.tech/@img/sharp-libvips-linux-arm64/-/sharp-libvips-linux-arm64-1.2.4.tgz", { "os": "linux", "cpu": "arm64" }, "sha512-excjX8DfsIcJ10x1Kzr4RcWe1edC9PquDRRPx3YVCvQv+U5p7Yin2s32ftzikXojb1PIFc/9Mt28/y+iRklkrw=="],

    "@img/sharp-libvips-linux-ppc64": ["@img/sharp-libvips-linux-ppc64@1.2.4", "https://npm.flatt.tech/@img/sharp-libvips-linux-ppc64/-/sharp-libvips-linux-ppc64-1.2.4.tgz", { "os": "linux", "cpu": "ppc64" }, "sha512-FMuvGijLDYG6lW+b/UvyilUWu5Ayu+3r2d1S8notiGCIyYU/76eig1UfMmkZ7vwgOrzKzlQbFSuQfgm7GYUPpA=="],

    "@img/sharp-libvips-linux-riscv64": ["@img/sharp-libvips-linux-riscv64@1.2.4", "https://npm.flatt.tech/@img/sharp-libvips-linux-riscv64/-/sharp-libvips-linux-riscv64-1.2.4.tgz", { "os": "linux", "cpu": "none" }, "sha512-oVDbcR4zUC0ce82teubSm+x6ETixtKZBh/qbREIOcI3cULzDyb18Sr/Wcyx7NRQeQzOiHTNbZFF1UwPS2scyGA=="],

    "@img/sharp-libvips-linux-s390x": ["@img/sharp-libvips-linux-s390x@1.2.4", "https://npm.flatt.tech/@img/sharp-libvips-linux-s390x/-/sharp-libvips-linux-s390x-1.2.4.tgz", { "os": "linux", "cpu": "s390x" }, "sha512-qmp9VrzgPgMoGZyPvrQHqk02uyjA0/QrTO26Tqk6l4ZV0MPWIW6LTkqOIov+J1yEu7MbFQaDpwdwJKhbJvuRxQ=="],

    "@img/sharp-libvips-linux-x64": ["@img/sharp-libvips-linux-x64@1.2.4", "https://npm.flatt.tech/@img/sharp-libvips-linux-x64/-/sharp-libvips-linux-x64-1.2.4.tgz", { "os": "linux", "cpu": "x64" }, "sha512-tJxiiLsmHc9Ax1bz3oaOYBURTXGIRDODBqhveVHonrHJ9/+k89qbLl0bcJns+e4t4rvaNBxaEZsFtSfAdquPrw=="],

    "@img/sharp-libvips-linuxmusl-arm64": ["@img/sharp-libvips-linuxmusl-arm64@1.2.4", "https://npm.flatt.tech/@img/sharp-libvips-linuxmusl-arm64/-/sharp-libvips-linuxmusl-arm64-1.2.4.tgz", { "os": "linux", "cpu": "arm64" }, "sha512-FVQHuwx1IIuNow9QAbYUzJ+En8KcVm9Lk5+uGUQJHaZmMECZmOlix9HnH7n1TRkXMS0pGxIJokIVB9SuqZGGXw=="],

    "@img/sharp-libvips-linuxmusl-x64": ["@img/sharp-libvips-linuxmusl-x64@1.2.4", "https://npm.flatt.tech/@img/sharp-libvips-linuxmusl-x64/-/sharp-libvips-linuxmusl-x64-1.2.4.tgz", { "os": "linux", "cpu": "x64" }, "sha512-+LpyBk7L44ZIXwz/VYfglaX/okxezESc6UxDSoyo2Ks6Jxc4Y7sGjpgU9s4PMgqgjj1gZCylTieNamqA1MF7Dg=="],

    "@img/sharp-linux-arm": ["@img/sharp-linux-arm@0.34.5", "https://npm.flatt.tech/@img/sharp-linux-arm/-/sharp-linux-arm-0.34.5.tgz", { "optionalDependencies": { "@img/sharp-libvips-linux-arm": "1.2.4" }, "os": "linux", "cpu": "arm" }, "sha512-9dLqsvwtg1uuXBGZKsxem9595+ujv0sJ6Vi8wcTANSFpwV/GONat5eCkzQo/1O6zRIkh0m/8+5BjrRr7jDUSZw=="],

    "@img/sharp-linux-arm64": ["@img/sharp-linux-arm64@0.34.5", "https://npm.flatt.tech/@img/sharp-linux-arm64/-/sharp-linux-arm64-0.34.5.tgz", { "optionalDependencies": { "@img/sharp-libvips-linux-arm64": "1.2.4" }, "os": "linux", "cpu": "arm64" }, "sha512-bKQzaJRY/bkPOXyKx5EVup7qkaojECG6NLYswgktOZjaXecSAeCWiZwwiFf3/Y+O1HrauiE3FVsGxFg8c24rZg=="],

    "@img/sharp-linux-ppc64": ["@img/sharp-linux-ppc64@0.34.5", "https://npm.flatt.tech/@img/sharp-linux-ppc64/-/sharp-linux-ppc64-0.34.5.tgz", { "optionalDependencies": { "@img/sharp-libvips-linux-ppc64": "1.2.4" }, "os": "linux", "cpu": "ppc64" }, "sha512-7zznwNaqW6YtsfrGGDA6BRkISKAAE1Jo0QdpNYXNMHu2+0dTrPflTLNkpc8l7MUP5M16ZJcUvysVWWrMefZquA=="],

    "@img/sharp-linux-riscv64": ["@img/sharp-linux-riscv64@0.34.5", "https://npm.flatt.tech/@img/sharp-linux-riscv64/-/sharp-linux-riscv64-0.34.5.tgz", { "optionalDependencies": { "@img/sharp-libvips-linux-riscv64": "1.2.4" }, "os": "linux", "cpu": "none" }, "sha512-51gJuLPTKa7piYPaVs8GmByo7/U7/7TZOq+cnXJIHZKavIRHAP77e3N2HEl3dgiqdD/w0yUfiJnII77PuDDFdw=="],

    "@img/sharp-linux-s390x": ["@img/sharp-linux-s390x@0.34.5", "https://npm.flatt.tech/@img/sharp-linux-s390x/-/sharp-linux-s390x-0.34.5.tgz", { "optionalDependencies": { "@img/sharp-libvips-linux-s390x": "1.2.4" }, "os": "linux", "cpu": "s390x" }, "sha512-nQtCk0PdKfho3eC5MrbQoigJ2gd1CgddUMkabUj+rBevs8tZ2cULOx46E7oyX+04WGfABgIwmMC0VqieTiR4jg=="],

    "@img/sharp-linux-x64": ["@img/sharp-linux-x64@0.34.5", "https://npm.flatt.tech/@img/sharp-linux-x64/-/sharp-linux-x64-0.34.5.tgz", { "optionalDependencies": { "@img/sharp-libvips-linux-x64": "1.2.4" }, "os": "linux", "cpu": "x64" }, "sha512-MEzd8HPKxVxVenwAa+JRPwEC7QFjoPWuS5NZnBt6B3pu7EG2Ge0id1oLHZpPJdn3OQK+BQDiw9zStiHBTJQQQQ=="],

    "@img/sharp-linuxmusl-arm64": ["@img/sharp-linuxmusl-arm64@0.34.5", "https://npm.flatt.tech/@img/sharp-linuxmusl-arm64/-/sharp-linuxmusl-arm64-0.34.5.tgz", { "optionalDependencies": { "@img/sharp-libvips-linuxmusl-arm64": "1.2.4" }, "os": "linux", "cpu": "arm64" }, "sha512-fprJR6GtRsMt6Kyfq44IsChVZeGN97gTD331weR1ex1c1rypDEABN6Tm2xa1wE6lYb5DdEnk03NZPqA7Id21yg=="],

    "@img/sharp-linuxmusl-x64": ["@img/sharp-linuxmusl-x64@0.34.5", "https://npm.flatt.tech/@img/sharp-linuxmusl-x64/-/sharp-linuxmusl-x64-0.34.5.tgz", { "optionalDependencies": { "@img/sharp-libvips-linuxmusl-x64": "1.2.4" }, "os": "linux", "cpu": "x64" }, "sha512-Jg8wNT1MUzIvhBFxViqrEhWDGzqymo3sV7z7ZsaWbZNDLXRJZoRGrjulp60YYtV4wfY8VIKcWidjojlLcWrd8Q=="],

    "@img/sharp-wasm32": ["@img/sharp-wasm32@0.34.5", "https://npm.flatt.tech/@img/sharp-wasm32/-/sharp-wasm32-0.34.5.tgz", { "dependencies": { "@emnapi/runtime": "^1.7.0" }, "cpu": "none" }, "sha512-OdWTEiVkY2PHwqkbBI8frFxQQFekHaSSkUIJkwzclWZe64O1X4UlUjqqqLaPbUpMOQk6FBu/HtlGXNblIs0huw=="],

    "@img/sharp-win32-arm64": ["@img/sharp-win32-arm64@0.34.5", "https://npm.flatt.tech/@img/sharp-win32-arm64/-/sharp-win32-arm64-0.34.5.tgz", { "os": "win32", "cpu": "arm64" }, "sha512-WQ3AgWCWYSb2yt+IG8mnC6Jdk9Whs7O0gxphblsLvdhSpSTtmu69ZG1Gkb6NuvxsNACwiPV6cNSZNzt0KPsw7g=="],

    "@img/sharp-win32-ia32": ["@img/sharp-win32-ia32@0.34.5", "https://npm.flatt.tech/@img/sharp-win32-ia32/-/sharp-win32-ia32-0.34.5.tgz", { "os": "win32", "cpu": "ia32" }, "sha512-FV9m/7NmeCmSHDD5j4+4pNI8Cp3aW+JvLoXcTUo0IqyjSfAZJ8dIUmijx1qaJsIiU+Hosw6xM5KijAWRJCSgNg=="],

    "@img/sharp-win32-x64": ["@img/sharp-win32-x64@0.34.5", "https://npm.flatt.tech/@img/sharp-win32-x64/-/sharp-win32-x64-0.34.5.tgz", { "os": "win32", "cpu": "x64" }, "sha512-+29YMsqY2/9eFEiW93eqWnuLcWcufowXewwSNIT6UwZdUUCrM3oFjMWH/Z6/TMmb4hlFenmfAVbpWeup2jryCw=="],

    "@next/env": ["@next/env@16.2.11", "", {}, "sha512-0do5A3BJ2gxWr0ZCMcD6BhW+e595jyxdTl3rXTS6lOtD8ektMiW6CO+EPwt1Eca1DBnm90r/7GdiKWBKxH++DA=="],

    "@next/swc-darwin-arm64": ["@next/swc-darwin-arm64@16.2.11", "", { "os": "darwin", "cpu": "arm64" }, "sha512-wryL4pjKmDwGv2ox6+GZDFxvmtSRLqApBR8kL1j4+vhB7Z5vJC/zAnXpiR9Xkfzl0AS8WLMnsuGV/UKI67/rrw=="],

    "@next/swc-darwin-x64": ["@next/swc-darwin-x64@16.2.11", "", { "os": "darwin", "cpu": "x64" }, "sha512-aZl2j4f/fLyjQvOhv0Oe9UaMAQHolYpKhctsoYzplSumKJKPUmgjcf6545aBtysLTcu994TREd0+pSgNE4ohmg=="],

    "@next/swc-linux-arm64-gnu": ["@next/swc-linux-arm64-gnu@16.2.11", "", { "os": "linux", "cpu": "arm64" }, "sha512-5jEriyEnH/LWFy27L2ZG0XaLlyEJIjhsImEsiS9P563PKEVp2BVups/xfOucIrsvVntp11oNcZwjHvaDPYVB5g=="],

    "@next/swc-linux-arm64-musl": ["@next/swc-linux-arm64-musl@16.2.11", "", { "os": "linux", "cpu": "arm64" }, "sha512-eIjcpx2fnnFSSkZDbTxy74KnokUXDjfoLClpWelfgHLf621aTqswhwXQ7GkD5K5rplrS6LZ/Bj+mVuvzluBOEg=="],

    "@next/swc-linux-x64-gnu": ["@next/swc-linux-x64-gnu@16.2.11", "", { "os": "linux", "cpu": "x64" }, "sha512-8WgzpaWMs46qJT9kiV47cje86L0x/Mu9t8/Gwj+pnbgW3rETVfCnaScPjlYUwNScpOozdcIMHWmAvuZJUonR2w=="],

    "@next/swc-linux-x64-musl": ["@next/swc-linux-x64-musl@16.2.11", "", { "os": "linux", "cpu": "x64" }, "sha512-I3UgPds7G4ZYnTb/H+5GBGuUT2DhAk6j0mL6A4s63RjFs74wB2hOWP0vaxsK+3NJraExt3eYEPQ/UtT0x/64Nw=="],

    "@next/swc-win32-arm64-msvc": ["@next/swc-win32-arm64-msvc@16.2.11", "", { "os": "win32", "cpu": "arm64" }, "sha512-n89CjtcThnjrwgJMAiI5xbqwLY51zvwC9tSlArmVndAJLYVl9T9UAdlkXTmZvE++idoXe8KdglQlhNRdUp1c6g=="],

    "@next/swc-win32-x64-msvc": ["@next/swc-win32-x64-msvc@16.2.11", "", { "os": "win32", "cpu": "x64" }, "sha512-md8CLNggS1Dx9pUgApzps5uAf+N8GN9xywzmNx9vHAWo94HtBwCCqkSnhIrdfQe83Dhz8Lfo/20Nb1Zxal092w=="],

    "@oxfmt/binding-android-arm-eabi": ["@oxfmt/binding-android-arm-eabi@0.60.0", "https://npm.flatt.tech/@oxfmt/binding-android-arm-eabi/-/binding-android-arm-eabi-0.60.0.tgz", { "os": "android", "cpu": "arm" }, "sha512-1q4q4Jc8FlOMVojEisyFAVyl8h1yawNv6phjgmhGVEDeyeOdsSnSr9x0+D4mOnEKvpO5L4mxKZ/DP9X6U3A/Mw=="],

    "@oxfmt/binding-android-arm64": ["@oxfmt/binding-android-arm64@0.60.0", "https://npm.flatt.tech/@oxfmt/binding-android-arm64/-/binding-android-arm64-0.60.0.tgz", { "os": "android", "cpu": "arm64" }, "sha512-tD41I6nCt9k8SQXft0CSjjU9jg6SwG7uMu7PxodSEHXl+GDW0868oy6tTtoJkyUze8YKFgTpz/k5LuPUnFiGLw=="],

    "@oxfmt/binding-darwin-arm64": ["@oxfmt/binding-darwin-arm64@0.60.0", "https://npm.flatt.tech/@oxfmt/binding-darwin-arm64/-/binding-darwin-arm64-0.60.0.tgz", { "os": "darwin", "cpu": "arm64" }, "sha512-TTpzPug96Zxdyb46KvTyIUQDdsqbumXh2TKG9C23PCT0kF7JkW56Z/quPuG9rqOFKQIi1gpRNZ7DX18LwxXPnw=="],

    "@oxfmt/binding-darwin-x64": ["@oxfmt/binding-darwin-x64@0.60.0", "https://npm.flatt.tech/@oxfmt/binding-darwin-x64/-/binding-darwin-x64-0.60.0.tgz", { "os": "darwin", "cpu": "x64" }, "sha512-CnOoWgQ7L+JL/YQaRJ+NyATciSfcftncm7y3kqyte1cGtFEGnStaCd1TAyrinkfQ7nRBfHrTs1/vTwUJr3WF2Q=="],

    "@oxfmt/binding-freebsd-x64": ["@oxfmt/binding-freebsd-x64@0.60.0", "https://npm.flatt.tech/@oxfmt/binding-freebsd-x64/-/binding-freebsd-x64-0.60.0.tgz", { "os": "freebsd", "cpu": "x64" }, "sha512-ychJo7S3hZxdO6eDZ9zM6F2lM9fpJS3EKS5CAUSWyprdLYxTu4gbaUKV/VBPTcMJwQa2Bpo+643y3OJ537pihA=="],

    "@oxfmt/binding-linux-arm-gnueabihf": ["@oxfmt/binding-linux-arm-gnueabihf@0.60.0", "https://npm.flatt.tech/@oxfmt/binding-linux-arm-gnueabihf/-/binding-linux-arm-gnueabihf-0.60.0.tgz", { "os": "linux", "cpu": "arm" }, "sha512-36IH5o55T2Fx7E0feDttt+mifxN6yk9pWv4KfhAIsP0dFnUq27331OwbpOsZdoXF9soOLWm7mQUz5+UUmyec4g=="],

    "@oxfmt/binding-linux-arm-musleabihf": ["@oxfmt/binding-linux-arm-musleabihf@0.60.0", "https://npm.flatt.tech/@oxfmt/binding-linux-arm-musleabihf/-/binding-linux-arm-musleabihf-0.60.0.tgz", { "os": "linux", "cpu": "arm" }, "sha512-G1Ve7lAa6sFBolVI2LWHfEAqy0YKh4vnioH8uYO9kAEdgM7mR40IksIx9/Zk4+vbYew/sGa4J9Q4tZ3n9gXDHA=="],

    "@oxfmt/binding-linux-arm64-gnu": ["@oxfmt/binding-linux-arm64-gnu@0.60.0", "https://npm.flatt.tech/@oxfmt/binding-linux-arm64-gnu/-/binding-linux-arm64-gnu-0.60.0.tgz", { "os": "linux", "cpu": "arm64" }, "sha512-LTQdRBf6uzj/h7Xk6lKzbGD2hrF/fK4YI9LIN1c0509tPUn8wRa3mCmrFQpEWJPLYGFrLFFMTYW1Ljj6VqW2Hw=="],

    "@oxfmt/binding-linux-arm64-musl": ["@oxfmt/binding-linux-arm64-musl@0.60.0", "https://npm.flatt.tech/@oxfmt/binding-linux-arm64-musl/-/binding-linux-arm64-musl-0.60.0.tgz", { "os": "linux", "cpu": "arm64" }, "sha512-2JMo3XPxMPx3hiqddSZYyaH+fKJm6cz0u8n1naYjP/CdOQOZW34i8lKBUfmbWiuFvd6KoYXLmhAyBuvojsYS7Q=="],

    "@oxfmt/binding-linux-ppc64-gnu": ["@oxfmt/binding-linux-ppc64-gnu@0.60.0", "https://npm.flatt.tech/@oxfmt/binding-linux-ppc64-gnu/-/binding-linux-ppc64-gnu-0.60.0.tgz", { "os": "linux", "cpu": "ppc64" }, "sha512-L3C+nBD13lr306tr/PjM3RMll+BVqgFrIgUyoeHuai5oueJrRLgO3j+GO5/Cbhtkf5PSlHYTI1JY7iqBd1qa6A=="],

    "@oxfmt/binding-linux-riscv64-gnu": ["@oxfmt/binding-linux-riscv64-gnu@0.60.0", "https://npm.flatt.tech/@oxfmt/binding-linux-riscv64-gnu/-/binding-linux-riscv64-gnu-0.60.0.tgz", { "os": "linux", "cpu": "none" }, "sha512-M4MsmvqlxFiPtSRGyBYQSZxchEf463AOyd+Dh4/9xDpjWBsRtDUTDMFN5EdHinjVK1/eDJQ8MLpcYjpYayaCnA=="],

    "@oxfmt/binding-linux-riscv64-musl": ["@oxfmt/binding-linux-riscv64-musl@0.60.0", "https://npm.flatt.tech/@oxfmt/binding-linux-riscv64-musl/-/binding-linux-riscv64-musl-0.60.0.tgz", { "os": "linux", "cpu": "none" }, "sha512-OH+9UskYuxRB+GxqdGkVN8f5UpwhqG8YscNo1wl8+KJ62cd7wZdGga6iGLJIf8kibF1WBwvlfDUx3cez/VXwFg=="],

    "@oxfmt/binding-linux-s390x-gnu": ["@oxfmt/binding-linux-s390x-gnu@0.60.0", "https://npm.flatt.tech/@oxfmt/binding-linux-s390x-gnu/-/binding-linux-s390x-gnu-0.60.0.tgz", { "os": "linux", "cpu": "s390x" }, "sha512-y7AAFutt9wFWBFOAn6+BHaV39usZmcr3YYH2385f+NHgPNpIF9HpqKp0jgUxPaUOCyG3oaX5VhJduL1Nw164rw=="],

    "@oxfmt/binding-linux-x64-gnu": ["@oxfmt/binding-linux-x64-gnu@0.60.0", "https://npm.flatt.tech/@oxfmt/binding-linux-x64-gnu/-/binding-linux-x64-gnu-0.60.0.tgz", { "os": "linux", "cpu": "x64" }, "sha512-yKZ9+CXAI+1RO5nH/4Z/9M6DAsfOzd5bw/gtWk81KB4mpalMaRRSXfouc5/tHxazDmBek55HNPepNYBgaCew0Q=="],

    "@oxfmt/binding-linux-x64-musl": ["@oxfmt/binding-linux-x64-musl@0.60.0", "https://npm.flatt.tech/@oxfmt/binding-linux-x64-musl/-/binding-linux-x64-musl-0.60.0.tgz", { "os": "linux", "cpu": "x64" }, "sha512-bCUGaF6hJOYnQzLJdHLZbvGsOd5oSvGAyJhPAKum2uyLYUuXmP8vqg690DWi2hqcnIoYpqSqCrjzE5aiUAgwQg=="],

    "@oxfmt/binding-openharmony-arm64": ["@oxfmt/binding-openharmony-arm64@0.60.0", "https://npm.flatt.tech/@oxfmt/binding-openharmony-arm64/-/binding-openharmony-arm64-0.60.0.tgz", { "os": "none", "cpu": "arm64" }, "sha512-GrUeZOvzP30ExxfCuQiyofuUGI+OmvAgFwOO5w5p9mGPlxcyuqI+6Sy9fAKFFfLQrqKYWFgc5sYA2Unj/29nPg=="],

    "@oxfmt/binding-win32-arm64-msvc": ["@oxfmt/binding-win32-arm64-msvc@0.60.0", "https://npm.flatt.tech/@oxfmt/binding-win32-arm64-msvc/-/binding-win32-arm64-msvc-0.60.0.tgz", { "os": "win32", "cpu": "arm64" }, "sha512-WD4Q954kUl2TDJV/6q7UnE2rlKk047kXLJsr4bJ2mXRaAqNXcmV3nwKUsGCc3mz/jYDBnXtJEaBErJEybK8iQQ=="],

    "@oxfmt/binding-win32-ia32-msvc": ["@oxfmt/binding-win32-ia32-msvc@0.60.0", "https://npm.flatt.tech/@oxfmt/binding-win32-ia32-msvc/-/binding-win32-ia32-msvc-0.60.0.tgz", { "os": "win32", "cpu": "ia32" }, "sha512-HqDekjr8JXzVDUP1YthDZ1Y3CBEcuZT4WX3B+1kaxj8CvZA8Y2YhcEsXqoSop3tVsgjACxjnFQFDkBo0r/jq1Q=="],

    "@oxfmt/binding-win32-x64-msvc": ["@oxfmt/binding-win32-x64-msvc@0.60.0", "https://npm.flatt.tech/@oxfmt/binding-win32-x64-msvc/-/binding-win32-x64-msvc-0.60.0.tgz", { "os": "win32", "cpu": "x64" }, "sha512-tz78yhmGPKboTMHCHSaUqXK8JrmoSejgDcWeqAtg2s07ZGKQ3rH5Jn8NuXPGNG33CDbY2e9NoQWXIVEmKO21Rw=="],

    "@oxlint/binding-android-arm-eabi": ["@oxlint/binding-android-arm-eabi@1.75.0", "https://npm.flatt.tech/@oxlint/binding-android-arm-eabi/-/binding-android-arm-eabi-1.75.0.tgz", { "os": "android", "cpu": "arm" }, "sha512-lutovtFzJqlRaqpZrCqSSGaHZzl9nIxxpjLzhSRLunN6dCLylj0uzlCyQGaQDIys7rrv8kVXiFO+R4Zpn0bX7g=="],

    "@oxlint/binding-android-arm64": ["@oxlint/binding-android-arm64@1.75.0", "https://npm.flatt.tech/@oxlint/binding-android-arm64/-/binding-android-arm64-1.75.0.tgz", { "os": "android", "cpu": "arm64" }, "sha512-hXI0hDgHkw4w5nfru72aG7y+2iQJmC4waH/KV6H/hbgA6yAP5jYNx0P9yug15Hs0tWl/+mda3Jjn/2gmDT48tw=="],

    "@oxlint/binding-darwin-arm64": ["@oxlint/binding-darwin-arm64@1.75.0", "https://npm.flatt.tech/@oxlint/binding-darwin-arm64/-/binding-darwin-arm64-1.75.0.tgz", { "os": "darwin", "cpu": "arm64" }, "sha512-D91BWbK/dMYfCcrghspPIuKs2D9LF4Z/OabVSQjw1AO6PWxArD7teDA48bm0ySFqWDaPVqmQRl5GMWNglTXyrQ=="],

    "@oxlint/binding-darwin-x64": ["@oxlint/binding-darwin-x64@1.75.0", "https://npm.flatt.tech/@oxlint/binding-darwin-x64/-/binding-darwin-x64-1.75.0.tgz", { "os": "darwin", "cpu": "x64" }, "sha512-02mpwzf12BonZ6PT0TuQoomvEh2kVl2WGBIKWezCyToIS+rYkQZ6GXnARBAl9A4Ovm2V+Xe7M4KretyqmmcnJQ=="],

    "@oxlint/binding-freebsd-x64": ["@oxlint/binding-freebsd-x64@1.75.0", "https://npm.flatt.tech/@oxlint/binding-freebsd-x64/-/binding-freebsd-x64-1.75.0.tgz", { "os": "freebsd", "cpu": "x64" }, "sha512-qZJgLnDaBsiL5YESx2t/TZ8eXkL9fEkKoXEdzegROhlz9A0lgyGnZ0dAzJrh7LJAHQl2K9RdRueN2s/9N7+odg=="],

    "@oxlint/binding-linux-arm-gnueabihf": ["@oxlint/binding-linux-arm-gnueabihf@1.75.0", "https://npm.flatt.tech/@oxlint/binding-linux-arm-gnueabihf/-/binding-linux-arm-gnueabihf-1.75.0.tgz", { "os": "linux", "cpu": "arm" }, "sha512-7XlaWA5BJD3XpCfrEqjEe6Zseeb14S7QGa304XfwKignRaKQ+eIj775BQ7nIslggWickl4IsPUFqJ+/gAyNHVg=="],

    "@oxlint/binding-linux-arm-musleabihf": ["@oxlint/binding-linux-arm-musleabihf@1.75.0", "https://npm.flatt.tech/@oxlint/binding-linux-arm-musleabihf/-/binding-linux-arm-musleabihf-1.75.0.tgz", { "os": "linux", "cpu": "arm" }, "sha512-av6Tpv8yrcMMMOadOqENBhlsLRcGFXXwoQ0hzHhsmS9FJ4Wioy8we427GbcMe2XTxmL2e60T67H1Dyr3up+tAA=="],

    "@oxlint/binding-linux-arm64-gnu": ["@oxlint/binding-linux-arm64-gnu@1.75.0", "https://npm.flatt.tech/@oxlint/binding-linux-arm64-gnu/-/binding-linux-arm64-gnu-1.75.0.tgz", { "os": "linux", "cpu": "arm64" }, "sha512-WcUhd8fHT5plrA14lANevl+hOl815mVI5t2hU21oFWrZKFXIVV/Sr4rWQV0NzSvzBupbMLNc5ErEA6Ehxh5jMg=="],

    "@oxlint/binding-linux-arm64-musl": ["@oxlint/binding-linux-arm64-musl@1.75.0", "https://npm.flatt.tech/@oxlint/binding-linux-arm64-musl/-/binding-linux-arm64-musl-1.75.0.tgz", { "os": "linux", "cpu": "arm64" }, "sha512-UWzp5wRHFe/ESO3+eEaxXsTkYTGLYjnTsi/I5neEacXSItQ6WNleapfOAeA4x2b8nyhJ4uQxqvtv9pHv8kWJtQ=="],

    "@oxlint/binding-linux-ppc64-gnu": ["@oxlint/binding-linux-ppc64-gnu@1.75.0", "https://npm.flatt.tech/@oxlint/binding-linux-ppc64-gnu/-/binding-linux-ppc64-gnu-1.75.0.tgz", { "os": "linux", "cpu": "ppc64" }, "sha512-XEVRwGMLKCUKrvhLAz4F6AIh8MJrQVdSZtAmPpRZt9tGPsUnamPOcl3dS/ZQzJnar/Ymgc//+xho0L60Emzuxg=="],

    "@oxlint/binding-linux-riscv64-gnu": ["@oxlint/binding-linux-riscv64-gnu@1.75.0", "https://npm.flatt.tech/@oxlint/binding-linux-riscv64-gnu/-/binding-linux-riscv64-gnu-1.75.0.tgz", { "os": "linux", "cpu": "none" }, "sha512-mAG4DUXqfLC8cTjMD2kt3jDmVzFREYtDyeLNdLdsCcBc4Zbl2EMuiFektGBilQwkNjYnMvCqJs55U+Hyb+b+jw=="],

    "@oxlint/binding-linux-riscv64-musl": ["@oxlint/binding-linux-riscv64-musl@1.75.0", "https://npm.flatt.tech/@oxlint/binding-linux-riscv64-musl/-/binding-linux-riscv64-musl-1.75.0.tgz", { "os": "linux", "cpu": "none" }, "sha512-95hrAvriAlI+pekSomTFIn0+bawMDlDwTNVmdjsFusTHyL2JWh7TWvRNG/Lkim72uN8OiCcO9wcaC6omLP5E3w=="],

    "@oxlint/binding-linux-s390x-gnu": ["@oxlint/binding-linux-s390x-gnu@1.75.0", "https://npm.flatt.tech/@oxlint/binding-linux-s390x-gnu/-/binding-linux-s390x-gnu-1.75.0.tgz", { "os": "linux", "cpu": "s390x" }, "sha512-4b6f2+FrtruAESrCqIKcrarzfrSx+wk2QNcp+RT91/Prc+pMQMAfyZ1rG1c3tFQNl8Bc616tx40uNXyxNBRPbQ=="],

    "@oxlint/binding-linux-x64-gnu": ["@oxlint/binding-linux-x64-gnu@1.75.0", "https://npm.flatt.tech/@oxlint/binding-linux-x64-gnu/-/binding-linux-x64-gnu-1.75.0.tgz", { "os": "linux", "cpu": "x64" }, "sha512-nshAhrUvXFUWOvqQ2soIw7HFNWvpvEV4o0cYSqPtzLiPF5gKyYTDOOTJ6Rn8g8K/iGvPIrbDA4v8+5MvnjJrrg=="],

    "@oxlint/binding-linux-x64-musl": ["@oxlint/binding-linux-x64-musl@1.75.0", "https://npm.flatt.tech/@oxlint/binding-linux-x64-musl/-/binding-linux-x64-musl-1.75.0.tgz", { "os": "linux", "cpu": "x64" }, "sha512-e4jNxLKnxLC6sYBQRxrI2pgIIxnmMtF8U/VwNYcjTT/CLS+spH624cYVnj07bTKwaEWT37/e025isOs6j/0xqA=="],

    "@oxlint/binding-openharmony-arm64": ["@oxlint/binding-openharmony-arm64@1.75.0", "https://npm.flatt.tech/@oxlint/binding-openharmony-arm64/-/binding-openharmony-arm64-1.75.0.tgz", { "os": "none", "cpu": "arm64" }, "sha512-hZ2lH+1qLf/DiEP9UWuQTK2JWj/BgvMB4jhIV4SmNU1wfEiYYX4TynQyAZXx0j9X4qRYizAL042SKaV+8ynh4w=="],

    "@oxlint/binding-win32-arm64-msvc": ["@oxlint/binding-win32-arm64-msvc@1.75.0", "https://npm.flatt.tech/@oxlint/binding-win32-arm64-msvc/-/binding-win32-arm64-msvc-1.75.0.tgz", { "os": "win32", "cpu": "arm64" }, "sha512-Ilj6PNzGDS3bCU0MSJH7Msh0NhH+T/mRp2shwg+q+GHeVlPwP5LEboW96aW+3kVKFk6zYZy1Xi5pZkqZh6X8KQ=="],

    "@oxlint/binding-win32-ia32-msvc": ["@oxlint/binding-win32-ia32-msvc@1.75.0", "https://npm.flatt.tech/@oxlint/binding-win32-ia32-msvc/-/binding-win32-ia32-msvc-1.75.0.tgz", { "os": "win32", "cpu": "ia32" }, "sha512-QVit2nOEOiPhkmsrksPSkoGCdnZRNkspt8fwoYyP09te1VEbnSj4LAxua4rc8FKTmWkySVe05j8iz9GXYfF1AQ=="],

    "@oxlint/binding-win32-x64-msvc": ["@oxlint/binding-win32-x64-msvc@1.75.0", "https://npm.flatt.tech/@oxlint/binding-win32-x64-msvc/-/binding-win32-x64-msvc-1.75.0.tgz", { "os": "win32", "cpu": "x64" }, "sha512-DSxnNkBUAYARPwJtR12Ig3deWr8w0H997xP6jy33i+e0SyYJw8FKuz4+cZtpmPEhQmvlPJE3X/2vNxDmLkd/rA=="],

    "@swc/helpers": ["@swc/helpers@0.5.15", "https://npm.flatt.tech/@swc/helpers/-/helpers-0.5.15.tgz", { "dependencies": { "tslib": "^2.8.0" } }, "sha512-JQ5TuMi45Owi4/BIMAJBoSQoOJu12oOk/gADqlcUL9JEdHB8vyjUSsxqeNXnmXHjYKMi2WcYtezGEEhqUI/E2g=="],

    "@types/bun": ["@types/bun@1.3.14", "https://npm.flatt.tech/@types/bun/-/bun-1.3.14.tgz", { "dependencies": { "bun-types": "1.3.14" } }, "sha512-h1hFqFVcvAvD9j9K7ZW7vd82aSA+rTdznZa+5bwvCwqSB1jmmfLcbIWhOLx1/+boy/xmjgCs/OMUL8hRJSmnPw=="],

    "@types/node": ["@types/node@26.1.1", "https://npm.flatt.tech/@types/node/-/node-26.1.1.tgz", { "dependencies": { "undici-types": "~8.3.0" } }, "sha512-nxAkRSVkN1Y0JC1W8ky/fTfkGsMmcrRsbx+3XoZE+rMOX71kLYTV7fLXpqud1GpbpP5TuffXFqfX7fH2GgZREw=="],

    "@types/react": ["@types/react@19.2.17", "https://npm.flatt.tech/@types/react/-/react-19.2.17.tgz", { "dependencies": { "csstype": "^3.2.2" } }, "sha512-MXfmqaVPEVgkBT/aY0aGCkRWWtByiYQXo3xdQ8r5RzuFrPiRn8Gar2tQdXSUQ2GKV3bkXckek89V8wQBY2Q/Aw=="],

    "@types/react-dom": ["@types/react-dom@19.2.3", "https://npm.flatt.tech/@types/react-dom/-/react-dom-19.2.3.tgz", { "peerDependencies": { "@types/react": "^19.2.0" } }, "sha512-jp2L/eY6fn+KgVVQAOqYItbF0VY/YApe5Mz2F0aykSO8gx31bYCZyvSeYxCHKvzHG5eZjc+zyaS5BrBWya2+kQ=="],

    "@web-comic-library/api": ["@web-comic-library/api@workspace:apps/api"],

    "@web-comic-library/api-client": ["@web-comic-library/api-client@workspace:packages/api-client"],

    "@web-comic-library/application": ["@web-comic-library/application@workspace:packages/application"],

    "@web-comic-library/auth": ["@web-comic-library/auth@workspace:packages/auth"],

    "@web-comic-library/connectors": ["@web-comic-library/connectors@workspace:packages/connectors"],

    "@web-comic-library/contracts": ["@web-comic-library/contracts@workspace:packages/contracts"],

    "@web-comic-library/db": ["@web-comic-library/db@workspace:packages/db"],

    "@web-comic-library/domain": ["@web-comic-library/domain@workspace:packages/domain"],

    "@web-comic-library/notifications": ["@web-comic-library/notifications@workspace:packages/notifications"],

    "@web-comic-library/web": ["@web-comic-library/web@workspace:apps/web"],

    "@web-comic-library/worker": ["@web-comic-library/worker@workspace:apps/worker"],

    "baseline-browser-mapping": ["baseline-browser-mapping@2.11.1", "", { "bin": { "baseline-browser-mapping": "dist/cli.cjs" } }, "sha512-HYXq73DDpCtNzOmrFsm9eSwCvWCql0RzqjpDzXN9EadiLJ4DNat0nsZ/Bzmy+Ud12mb4/zKDY0cQ805ZzN+i0A=="],

    "bun-types": ["bun-types@1.3.14", "https://npm.flatt.tech/bun-types/-/bun-types-1.3.14.tgz", { "dependencies": { "@types/node": "*" } }, "sha512-4N0ig0fEomHt5R0KCFWjovxow98rIoRwKolrYdCcknNwMekCXRnWEUvgu5soYV8QXtVsrUD8B95MBOZGPvr6KQ=="],

    "caniuse-lite": ["caniuse-lite@1.0.30001806", "https://npm.flatt.tech/caniuse-lite/-/caniuse-lite-1.0.30001806.tgz", {}, "sha512-72Cuvd95zbSYPKq6Fhg8eDJRlzgWDf7/mtoZv6Qe/DYNCEBdNxoA3+rZAU2ZhGCpZlns3EssFavaZomckT5Uuw=="],

    "client-only": ["client-only@0.0.1", "https://npm.flatt.tech/client-only/-/client-only-0.0.1.tgz", {}, "sha512-IV3Ou0jSMzZrd3pZ48nLkT9DA7Ag1pnPzaiQhpW7c3RbcqqzvzzVu+L8gfqMp/8IM2MQtSiqaCxrrcfu8I8rMA=="],

    "csstype": ["csstype@3.2.3", "https://npm.flatt.tech/csstype/-/csstype-3.2.3.tgz", {}, "sha512-z1HGKcYy2xA8AGQfwrn0PAy+PB7X/GSj3UVJW9qKyn43xWa+gl5nXmU4qqLMRzWVLFC8KusUX8T/0kCiOYpAIQ=="],

    "detect-libc": ["detect-libc@2.1.2", "https://npm.flatt.tech/detect-libc/-/detect-libc-2.1.2.tgz", {}, "sha512-Btj2BOOO83o3WyH59e8MgXsxEQVcarkUOpEYrubB0urwnN10yQ364rsiByU11nZlqWYZm05i/of7io4mzihBtQ=="],

    "hono": ["hono@4.12.31", "https://npm.flatt.tech/hono/-/hono-4.12.31.tgz", {}, "sha512-zJIHFrl6bq3RDd2YusFNCDlM8qUprxKswyi/OPzPyzKDdyBXDqWx8bZlZ7R+saTdSTatUmb3O7K4SspGPaEOQg=="],

    "nanoid": ["nanoid@3.3.16", "https://npm.flatt.tech/nanoid/-/nanoid-3.3.16.tgz", { "bin": { "nanoid": "bin/nanoid.cjs" } }, "sha512-bzlKTyNJ7+LdGIIwy8ijFpIqEQIvafahV7eYykJ8Cvh42EdJeODoJ6gUJXpQJvej1BddH8OqTXZNE/KfbWAu8Q=="],

    "next": ["next@16.2.11", "", { "dependencies": { "@next/env": "16.2.11", "@swc/helpers": "0.5.15", "baseline-browser-mapping": "^2.9.19", "caniuse-lite": "^1.0.30001579", "postcss": "8.4.31", "styled-jsx": "5.1.6" }, "optionalDependencies": { "@next/swc-darwin-arm64": "16.2.11", "@next/swc-darwin-x64": "16.2.11", "@next/swc-linux-arm64-gnu": "16.2.11", "@next/swc-linux-arm64-musl": "16.2.11", "@next/swc-linux-x64-gnu": "16.2.11", "@next/swc-linux-x64-musl": "16.2.11", "@next/swc-win32-arm64-msvc": "16.2.11", "@next/swc-win32-x64-msvc": "16.2.11", "sharp": "^0.34.5" }, "peerDependencies": { "@opentelemetry/api": "^1.1.0", "@playwright/test": "^1.51.1", "babel-plugin-react-compiler": "*", "react": "^18.2.0 || 19.0.0-rc-de68d2f4-20241204 || ^19.0.0", "react-dom": "^18.2.0 || 19.0.0-rc-de68d2f4-20241204 || ^19.0.0", "sass": "^1.3.0" }, "optionalPeers": ["@opentelemetry/api", "@playwright/test", "babel-plugin-react-compiler", "sass"], "bin": { "next": "dist/bin/next" } }, "sha512-B339zaqbyK8cmxhoAvLrcwoabwCP1wz21zSzfqxqXAemTu2BXnH7tQnfcglKv1vnMUIDBc+Hth7XODQriTZiRQ=="],

    "oxfmt": ["oxfmt@0.60.0", "https://npm.flatt.tech/oxfmt/-/oxfmt-0.60.0.tgz", { "dependencies": { "tinypool": "2.1.0" }, "optionalDependencies": { "@oxfmt/binding-android-arm-eabi": "0.60.0", "@oxfmt/binding-android-arm64": "0.60.0", "@oxfmt/binding-darwin-arm64": "0.60.0", "@oxfmt/binding-darwin-x64": "0.60.0", "@oxfmt/binding-freebsd-x64": "0.60.0", "@oxfmt/binding-linux-arm-gnueabihf": "0.60.0", "@oxfmt/binding-linux-arm-musleabihf": "0.60.0", "@oxfmt/binding-linux-arm64-gnu": "0.60.0", "@oxfmt/binding-linux-arm64-musl": "0.60.0", "@oxfmt/binding-linux-ppc64-gnu": "0.60.0", "@oxfmt/binding-linux-riscv64-gnu": "0.60.0", "@oxfmt/binding-linux-riscv64-musl": "0.60.0", "@oxfmt/binding-linux-s390x-gnu": "0.60.0", "@oxfmt/binding-linux-x64-gnu": "0.60.0", "@oxfmt/binding-linux-x64-musl": "0.60.0", "@oxfmt/binding-openharmony-arm64": "0.60.0", "@oxfmt/binding-win32-arm64-msvc": "0.60.0", "@oxfmt/binding-win32-ia32-msvc": "0.60.0", "@oxfmt/binding-win32-x64-msvc": "0.60.0" }, "peerDependencies": { "svelte": "^5.0.0", "vite-plus": "*" }, "optionalPeers": ["svelte", "vite-plus"], "bin": { "oxfmt": "bin/oxfmt" } }, "sha512-fViX6i+gJuZWY+jI/fnR6WRbRj70GZ9RlCd30MygJrHTUNc4DxvKHWw8vBjMjffv3PgU5qWDR0AzmojQByqaZA=="],

    "oxlint": ["oxlint@1.75.0", "https://npm.flatt.tech/oxlint/-/oxlint-1.75.0.tgz", { "optionalDependencies": { "@oxlint/binding-android-arm-eabi": "1.75.0", "@oxlint/binding-android-arm64": "1.75.0", "@oxlint/binding-darwin-arm64": "1.75.0", "@oxlint/binding-darwin-x64": "1.75.0", "@oxlint/binding-freebsd-x64": "1.75.0", "@oxlint/binding-linux-arm-gnueabihf": "1.75.0", "@oxlint/binding-linux-arm-musleabihf": "1.75.0", "@oxlint/binding-linux-arm64-gnu": "1.75.0", "@oxlint/binding-linux-arm64-musl": "1.75.0", "@oxlint/binding-linux-ppc64-gnu": "1.75.0", "@oxlint/binding-linux-riscv64-gnu": "1.75.0", "@oxlint/binding-linux-riscv64-musl": "1.75.0", "@oxlint/binding-linux-s390x-gnu": "1.75.0", "@oxlint/binding-linux-x64-gnu": "1.75.0", "@oxlint/binding-linux-x64-musl": "1.75.0", "@oxlint/binding-openharmony-arm64": "1.75.0", "@oxlint/binding-win32-arm64-msvc": "1.75.0", "@oxlint/binding-win32-ia32-msvc": "1.75.0", "@oxlint/binding-win32-x64-msvc": "1.75.0" }, "peerDependencies": { "oxlint-tsgolint": ">=7.0.2001", "vite-plus": "*" }, "optionalPeers": ["oxlint-tsgolint", "vite-plus"], "bin": { "oxlint": "bin/oxlint" } }, "sha512-m9WzjRcRYA/uqIZDa9tclrieoPJ/ln1QYTKdFx6NUOs8uY5DiHlIwRQoCrHT6OM6O3ww3l2skY5gO7G7ZphE7g=="],

    "picocolors": ["picocolors@1.1.1", "https://npm.flatt.tech/picocolors/-/picocolors-1.1.1.tgz", {}, "sha512-xceH2snhtb5M9liqDsmEw56le376mTZkEX/jEb/RxNFyegNul7eNslCXP9FDj/Lcu0X8KEyMceP2ntpaHrDEVA=="],

    "postcss": ["postcss@8.4.31", "https://npm.flatt.tech/postcss/-/postcss-8.4.31.tgz", { "dependencies": { "nanoid": "^3.3.6", "picocolors": "^1.0.0", "source-map-js": "^1.0.2" } }, "sha512-PS08Iboia9mts/2ygV3eLpY5ghnUcfLV/EXTOW1E2qYxJKGGBUtNjN76FYHnMs36RmARn41bC0AZmn+rR0OVpQ=="],

    "react": ["react@19.2.8", "https://npm.flatt.tech/react/-/react-19.2.8.tgz", {}, "sha512-PWaYA1L/q9u2u7xYQi+Y3L3Yfnie7XyLeaJICV1MGD6LprsBxcAqGjYyr0eY3p+QdsA+x/Irkt4Qif8D63+Sbw=="],

    "react-dom": ["react-dom@19.2.8", "https://npm.flatt.tech/react-dom/-/react-dom-19.2.8.tgz", { "dependencies": { "scheduler": "^0.27.0" }, "peerDependencies": { "react": "^19.2.8" } }, "sha512-rVprimfGBG3DR+Tq0IQG2DT5PxKth1WIGDmj5yPmlzr4YBe7uyE+Du4oVqTDXZSHGGGXRtTJEGSSePyQCMBglQ=="],

    "scheduler": ["scheduler@0.27.0", "https://npm.flatt.tech/scheduler/-/scheduler-0.27.0.tgz", {}, "sha512-eNv+WrVbKu1f3vbYJT/xtiF5syA5HPIMtf9IgY/nKg0sWqzAUEvqY/xm7OcZc/qafLx/iO9FgOmeSAp4v5ti/Q=="],

    "semver": ["semver@7.8.5", "https://npm.flatt.tech/semver/-/semver-7.8.5.tgz", { "bin": { "semver": "bin/semver.js" } }, "sha512-Y7/KDsb8LjooZpwaqGyulO6DQlksgCncchHGk+sZIY4SBvUocMBEFH5Ur1fI4dV+Jvl0w6cjvucaIi40puRioA=="],

    "sharp": ["sharp@0.34.5", "https://npm.flatt.tech/sharp/-/sharp-0.34.5.tgz", { "dependencies": { "@img/colour": "^1.0.0", "detect-libc": "^2.1.2", "semver": "^7.7.3" }, "optionalDependencies": { "@img/sharp-darwin-arm64": "0.34.5", "@img/sharp-darwin-x64": "0.34.5", "@img/sharp-libvips-darwin-arm64": "1.2.4", "@img/sharp-libvips-darwin-x64": "1.2.4", "@img/sharp-libvips-linux-arm": "1.2.4", "@img/sharp-libvips-linux-arm64": "1.2.4", "@img/sharp-libvips-linux-ppc64": "1.2.4", "@img/sharp-libvips-linux-riscv64": "1.2.4", "@img/sharp-libvips-linux-s390x": "1.2.4", "@img/sharp-libvips-linux-x64": "1.2.4", "@img/sharp-libvips-linuxmusl-arm64": "1.2.4", "@img/sharp-libvips-linuxmusl-x64": "1.2.4", "@img/sharp-linux-arm": "0.34.5", "@img/sharp-linux-arm64": "0.34.5", "@img/sharp-linux-ppc64": "0.34.5", "@img/sharp-linux-riscv64": "0.34.5", "@img/sharp-linux-s390x": "0.34.5", "@img/sharp-linux-x64": "0.34.5", "@img/sharp-linuxmusl-arm64": "0.34.5", "@img/sharp-linuxmusl-x64": "0.34.5", "@img/sharp-wasm32": "0.34.5", "@img/sharp-win32-arm64": "0.34.5", "@img/sharp-win32-ia32": "0.34.5", "@img/sharp-win32-x64": "0.34.5" } }, "sha512-Ou9I5Ft9WNcCbXrU9cMgPBcCK8LiwLqcbywW3t4oDV37n1pzpuNLsYiAV8eODnjbtQlSDwZ2cUEeQz4E54Hltg=="],

    "source-map-js": ["source-map-js@1.2.1", "https://npm.flatt.tech/source-map-js/-/source-map-js-1.2.1.tgz", {}, "sha512-UXWMKhLOwVKb728IUtQPXxfYU+usdybtUrK/8uGE8CQMvrhOpwvzDBwj0QhSL7MQc7vIsISBG8VQ8+IDQxpfQA=="],

    "styled-jsx": ["styled-jsx@5.1.6", "https://npm.flatt.tech/styled-jsx/-/styled-jsx-5.1.6.tgz", { "dependencies": { "client-only": "0.0.1" }, "peerDependencies": { "@babel/core": "*", "babel-plugin-macros": "*", "react": ">= 16.8.0 || 17.x.x || ^18.0.0-0 || ^19.0.0-0" }, "optionalPeers": ["@babel/core", "babel-plugin-macros"] }, "sha512-qSVyDTeMotdvQYoHWLNGwRFJHC+i+ZvdBRYosOFgC+Wg1vx4frN2/RG/NA7SYqqvKNLf39P2LSRA2pu6n0XYZA=="],

    "tinypool": ["tinypool@2.1.0", "https://npm.flatt.tech/tinypool/-/tinypool-2.1.0.tgz", {}, "sha512-Pugqs6M0m7Lv1I7FtxN4aoyToKg1C4tu+/381vH35y8oENM/Ai7f7C4StcoK4/+BSw9ebcS8jRiVrORFKCALLw=="],

    "tslib": ["tslib@2.8.1", "https://npm.flatt.tech/tslib/-/tslib-2.8.1.tgz", {}, "sha512-oJFu94HQb+KVduSUQL7wnpmqnfmLsOA/nAh6b6EH0wCEoK0/mPeXU6c3wKDV83MkOuHPRHtSXKKU99IBazS/2w=="],

    "typescript": ["typescript@6.0.3", "https://npm.flatt.tech/typescript/-/typescript-6.0.3.tgz", { "bin": { "tsc": "bin/tsc", "tsserver": "bin/tsserver" } }, "sha512-y2TvuxSZPDyQakkFRPZHKFm+KKVqIisdg9/CZwm9ftvKXLP8NRWj38/ODjNbr43SsoXqNuAisEf1GdCxqWcdBw=="],

    "undici-types": ["undici-types@8.3.0", "https://npm.flatt.tech/undici-types/-/undici-types-8.3.0.tgz", {}, "sha512-j375ScV60dom+YkPFIfTLcOiPxkN/buHz5GobjLhixFuANaNs3C9l4GmrWqejgXWJ7BbJcFYpTEUkS1Ge8bpZQ=="],

    "valibot": ["valibot@1.4.2", "https://npm.flatt.tech/valibot/-/valibot-1.4.2.tgz", { "peerDependencies": { "typescript": ">=5" }, "optionalPeers": ["typescript"] }, "sha512-gjdCvJ6d3RyHAneqxMYMW9QMCwYMb3jpOO0IyHZV1bnRHFBHrX3VkIILt5XYR0WhwHiH7Mty8ovuPZ/O3gamrg=="],
  }
}
